
Microsoft Visual Studio Solution File, Format Version 12.00
# Visual Studio 14
VisualStudioVersion = 14.0.24720.0
MinimumVisualStudioVersion = 10.0.40219.1
Project("{FAE04EC0-301F-11D3-BF4B-00C04F79EFBC}") = "CarApplication", "CarApplication\CarApplication.csproj", "{AB4F27B3-A4C2-48C8-969C-F12E6129C246}"
EndProject
Project("{FAE04EC0-301F-11D3-BF4B-00C04F79EFBC}") = "kiuasApplication_t1", "kiuasApplication_t1\kiuasApplication_t1.csproj", "{60E946D4-B6D2-4312-BE32-8A7390D4A4FF}"
EndProject
Project("{FAE04EC0-301F-11D3-BF4B-00C04F79EFBC}") = "pesukone_t2", "pesukone_t2\pesukone_t2.csproj", "{384AD357-6F25-47CC-98A3-666479C8B727}"
EndProject
Project("{FAE04EC0-301F-11D3-BF4B-00C04F79EFBC}") = "kt_5", "kt_5\kt_5.csproj", "{64B665C3-6C0E-47A8-A36B-AFF56F3DBB82}"
EndProject
Project("{FAE04EC0-301F-11D3-BF4B-00C04F79EFBC}") = "kt_4_vehicle", "kt_4_vehicle\kt_4_vehicle.csproj", "{3462CC2C-FDFA-48C1-9A3C-318963701DBD}"
EndProject
Global
	GlobalSection(SolutionConfigurationPlatforms) = preSolution
		Debug|Any CPU = Debug|Any CPU
		Release|Any CPU = Release|Any CPU
	EndGlobalSection
	GlobalSection(ProjectConfigurationPlatforms) = postSolution
		{AB4F27B3-A4C2-48C8-969C-F12E6129C246}.Debug|Any CPU.ActiveCfg = Debug|Any CPU
		{AB4F27B3-A4C2-48C8-969C-F12E6129C246}.Debug|Any CPU.Build.0 = Debug|Any CPU
		{AB4F27B3-A4C2-48C8-969C-F12E6129C246}.Release|Any CPU.ActiveCfg = Release|Any CPU
		{AB4F27B3-A4C2-48C8-969C-F12E6129C246}.Release|Any CPU.Build.0 = Release|Any CPU
		{60E946D4-B6D2-4312-BE32-8A7390D4A4FF}.Debug|Any CPU.ActiveCfg = Debug|Any CPU
		{60E946D4-B6D2-4312-BE32-8A7390D4A4FF}.Debug|Any CPU.Build.0 = Debug|Any CPU
		{60E946D4-B6D2-4312-BE32-8A7390D4A4FF}.Release|Any CPU.ActiveCfg = Release|Any CPU
		{60E946D4-B6D2-4312-BE32-8A7390D4A4FF}.Release|Any CPU.Build.0 = Release|Any CPU
		{384AD357-6F25-47CC-98A3-666479C8B727}.Debug|Any CPU.ActiveCfg = Debug|Any CPU
		{384AD357-6F25-47CC-98A3-666479C8B727}.Debug|Any CPU.Build.0 = Debug|Any CPU
		{384AD357-6F25-47CC-98A3-666479C8B727}.Release|Any CPU.ActiveCfg = Release|Any CPU
		{384AD357-6F25-47CC-98A3-666479C8B727}.Release|Any CPU.Build.0 = Release|Any CPU
		{64B665C3-6C0E-47A8-A36B-AFF56F3DBB82}.Debug|Any CPU.ActiveCfg = Debug|Any CPU
		{64B665C3-6C0E-47A8-A36B-AFF56F3DBB82}.Debug|Any CPU.Build.0 = Debug|Any CPU
		{64B665C3-6C0E-47A8-A36B-AFF56F3DBB82}.Release|Any CPU.ActiveCfg = Release|Any CPU
		{64B665C3-6C0E-47A8-A36B-AFF56F3DBB82}.Release|Any CPU.Build.0 = Release|Any CPU
		{3462CC2C-FDFA-48C1-9A3C-318963701DBD}.Debug|Any CPU.ActiveCfg = Debug|Any CPU
		{3462CC2C-FDFA-48C1-9A3C-318963701DBD}.Debug|Any CPU.Build.0 = Debug|Any CPU
		{3462CC2C-FDFA-48C1-9A3C-318963701DBD}.Release|Any CPU.ActiveCfg = Release|Any CPU
		{3462CC2C-FDFA-48C1-9A3C-318963701DBD}.Release|Any CPU.Build.0 = Release|Any CPU
	EndGlobalSection
	GlobalSection(SolutionProperties) = preSolution
		HideSolutionNode = FALSE
	EndGlobalSection
EndGlobal
